// !$*UTF8*$!
{
	archiveVersion = 1;
	classes = {
	};
	objectVersion = 46;
	objects = {

/* Begin PBXBuildFile section */
		013B7B911B25F19C00176482 /* AppDelegate.m in Sources */ = {isa = PBXBuildFile; fileRef = 013B7B901B25F19C00176482 /* AppDelegate.m */; };
		013B7B931B25F19C00176482 /* main.m in Sources */ = {isa = PBXBuildFile; fileRef = 013B7B921B25F19C00176482 /* main.m */; };
		013B7B951B25F19C00176482 /* Images.xcassets in Resources */ = {isa = PBXBuildFile; fileRef = 013B7B941B25F19C00176482 /* Images.xcassets */; };
		013B7B981B25F19C00176482 /* MainMenu.xib in Resources */ = {isa = PBXBuildFile; fileRef = 013B7B961B25F19C00176482 /* MainMenu.xib */; };
		013B7BA41B25F19D00176482 /* PDOClientTests.m in Sources */ = {isa = PBXBuildFile; fileRef = 013B7BA31B25F19D00176482 /* PDOClientTests.m */; };
/* End PBXBuildFile section */

/* Begin PBXContainerItemProxy section */
		013B7B9E1B25F19D00176482 /* PBXContainerItemProxy */ = {
			isa = PBXContainerItemProxy;
			containerPortal = 013B7B821B25F19C00176482 /* Project object */;
			proxyType = 1;
			remoteGlobalIDString = 013B7B891B25F19C00176482;
			remoteInfo = PDOClient;
		};
/* End PBXContainerItemProxy section */

/* Begin PBXFileReference section */
		013B7B8A1B25F19C00176482 /* PDOClient.app */ = {isa = PBXFileReference; explicitFileType = wrapper.application; includeInIndex = 0; path = PDOClient.app; sourceTree = BUILT_PRODUCTS_DIR; };
		013B7B8E1B25F19C00176482 /* Info.plist */ = {isa = PBXFileReference; lastKnownFileType = text.plist.xml; path = Info.plist; sourceTree = "<group>"; };
		013B7B8F1B25F19C00176482 /* AppDelegate.h */ = {isa = PBXFileReference; lastKnownFileType = sourcecode.c.h; path = AppDelegate.h; sourceTree = "<group>"; };
		013B7B901B25F19C00176482 /* AppDelegate.m */ = {isa = PBXFileReference; lastKnownFileType = sourcecode.c.objc; path = AppDelegate.m; sourceTree = "<group>"; };
		013B7B921B25F19C00176482 /* main.m */ = {isa = PBXFileReference; lastKnownFileType = sourcecode.c.objc; path = main.m; sourceTree = "<group>"; };
		013B7B941B25F19C00176482 /* Images.xcassets */ = {isa = PBXFileReference; lastKnownFileType = folder.assetcatalog; path = Images.xcassets; sourceTree = "<group>"; };
		013B7B971B25F19C00176482 /* Base */ = {isa = PBXFileReference; lastKnownFileType = file.xib; name = Base; path = Base.lproj/MainMenu.xib; sourceTree = "<group>"; };
		013B7B9D1B25F19D00176482 /* PDOClientTests.xctest */ = {isa = PBXFileReference; explicitFileType = wrapper.cfbundle; includeInIndex = 0; path = PDOClientTests.xctest; sourceTree = BUILT_PRODUCTS_DIR; };
		013B7BA21B25F19D00176482 /* Info.plist */ = {isa = PBXFileReference; lastKnownFileType = text.plist.xml; path = Info.plist; sourceTree = "<group>"; };
		013B7BA31B25F19D00176482 /* PDOClientTests.m */ = {isa = PBXFileReference; lastKnownFileType = sourcecode.c.objc; path = PDOClientTests.m; sourceTree = "<group>"; };
/* End PBXFileReference section */

/* Begin PBXFrameworksBuildPhase section */
		013B7B871B25F19C00176482 /* Frameworks */ = {
			isa = PBXFrameworksBuildPhase;
			buildActionMask = 2147483647;
			files = (
			);
			runOnlyForDeploymentPostprocessing = 0;
		};
		013B7B9A1B25F19D00176482 /* Frameworks */ = {
			isa = PBXFrameworksBuildPhase;
			buildActionMask = 2147483647;
			files = (
			);
			runOnlyForDeploymentPostprocessing = 0;
		};
/* End PBXFrameworksBuildPhase section */

/* Begin PBXGroup section */
		013B7B811B25F19C00176482 = {
			isa = PBXGroup;
			children = (
				013B7B8C1B25F19C00176482 /* PDOClient */,
				013B7BA01B25F19D00176482 /* PDOClientTests */,
				013B7B8B1B25F19C00176482 /* Products */,
			);
			sourceTree = "<group>";
		};
		013B7B8B1B25F19C00176482 /* Products */ = {
			isa = PBXGroup;
			children = (
				013B7B8A1B25F19C00176482 /* PDOClient.app */,
				013B7B9D1B25F19D00176482 /* PDOClientTests.xctest */,
			);
			name = Products;
			sourceTree = "<group>";
		};
		013B7B8C1B25F19C00176482 /* PDOClient */ = {
			isa = PBXGroup;
			children = (
				013B7B8F1B25F19C00176482 /* AppDelegate.h */,
				013B7B901B25F19C00176482 /* AppDelegate.m */,
				013B7B941B25F19C00176482 /* Images.xcassets */,
				013B7B961B25F19C00176482 /* MainMenu.xib */,
				013B7B8D1B25F19C00176482 /* Supporting Files */,
			);
			path = PDOClient;
			sourceTree = "<group>";
		};
		013B7B8D1B25F19C00176482 /* Supporting Files */ = {
			isa = PBXGroup;
			children = (
				013B7B8E1B25F19C00176482 /* Info.plist */,
				013B7B921B25F19C00176482 /* main.m */,
			);
			name = "Supporting Files";
			sourceTree = "<group>";
		};
		013B7BA01B25F19D00176482 /* PDOClientTests */ = {
			isa = PBXGroup;
			children = (
				013B7BA31B25F19D00176482 /* PDOClientTests.m */,
				013B7BA11B25F19D00176482 /* Supporting Files */,
			);
			path = PDOClientTests;
			sourceTree = "<group>";
		};
		013B7BA11B25F19D00176482 /* Supporting Files */ = {
			isa = PBXGroup;
			children = (
				013B7BA21B25F19D00176482 /* Info.plist */,
			);
			name = "Supporting Files";
			sourceTree = "<group>";
		};
/* End PBXGroup section */

/* Begin PBXNativeTarget section */
		013B7B891B25F19C00176482 /* PDOClient */ = {
			isa = PBXNativeTarget;
			buildConfigurationList = 013B7BA71B25F19D00176482 /* Build configuration list for PBXNativeTarget "PDOClient" */;
			buildPhases = (
				013B7B861B25F19C00176482 /* Sources */,
				013B7B871B25F19C00176482 /* Frameworks */,
				013B7B881B25F19C00176482 /* Resources */,
			);
			buildRules = (
			);
			dependencies = (
			);
			name = PDOClient;
			productName = PDOClient;
			productReference = 013B7B8A1B25F19C00176482 /* PDOClient.app */;
			productType = "com.apple.product-type.application";
		};
		013B7B9C1B25F19D00176482 /* PDOClientTests */ = {
			isa = PBXNativeTarget;
			buildConfigurationList = 013B7BAA1B25F19D00176482 /* Build configuration list for PBXNativeTarget "PDOClientTests" */;
			buildPhases = (
				013B7B991B25F19D00176482 /* Sources */,
				013B7B9A1B25F19D00176482 /* Frameworks */,
				013B7B9B1B25F19D00176482 /* Resources */,
			);
			buildRules = (
			);
			dependencies = (
				013B7B9F1B25F19D00176482 /* PBXTargetDependency */,
			);
			name = PDOClientTests;
			productName = PDOClientTests;
			productReference = 013B7B9D1B25F19D00176482 /* PDOClientTests.xctest */;
			productType = "com.apple.product-type.bundle.unit-test";
		};
/* End PBXNativeTarget section */

/* Begin PBXProject section */
		013B7B821B25F19C00176482 /* Project object */ = {
			isa = PBXProject;
			attributes = {
				LastUpgradeCheck = 0630;
				ORGANIZATIONNAME = PDO;
				TargetAttributes = {
					013B7B891B25F19C00176482 = {
						CreatedOnToolsVersion = 6.3.2;
					};
					013B7B9C1B25F19D00176482 = {
						CreatedOnToolsVersion = 6.3.2;
						TestTargetID = 013B7B891B25F19C00176482;
					};
				};
			};
			buildConfigurationList = 013B7B851B25F19C00176482 /* Build configuration list for PBXProject "PDOClient" */;
			compatibilityVersion = "Xcode 3.2";
			developmentRegion = English;
			hasScannedForEncodings = 0;
			knownRegions = (
				en,
				Base,
			);
			mainGroup = 013B7B811B25F19C00176482;
			productRefGroup = 013B7B8B1B25F19C00176482 /* Products */;
			projectDirPath = "";
			projectRoot = "";
			targets = (
				013B7B891B25F19C00176482 /* PDOClient */,
				013B7B9C1B25F19D00176482 /* PDOClientTests */,
			);
		};
/* End PBXProject section */

/* Begin PBXResourcesBuildPhase section */
		013B7B881B25F19C00176482 /* Resources */ = {
			isa = PBXResourcesBuildPhase;
			buildActionMask = 2147483647;
			files = (
				013B7B951B25F19C00176482 /* Images.xcassets in Resources */,
				013B7B981B25F19C00176482 /* MainMenu.xib in Resources */,
			);
			runOnlyForDeploymentPostprocessing = 0;
		};
		013B7B9B1B25F19D00176482 /* Resources */ = {
			isa = PBXResourcesBuildPhase;
			buildActionMask = 2147483647;
			files = (
			);
			runOnlyForDeploymentPostprocessing = 0;
		};
/* End PBXResourcesBuildPhase section */

/* Begin PBXSourcesBuildPhase section */
		013B7B861B25F19C00176482 /* Sources */ = {
			isa = PBXSourcesBuildPhase;
			buildActionMask = 2147483647;
			files = (
				013B7B931B25F19C00176482 /* main.m in Sources */,
				013B7B911B25F19C00176482 /* AppDelegate.m in Sources */,
			);
			runOnlyForDeploymentPostprocessing = 0;
		};
		013B7B991B25F19D00176482 /* Sources */ = {
			isa = PBXSourcesBuildPhase;
			buildActionMask = 2147483647;
			files = (
				013B7BA41B25F19D00176482 /* PDOClientTests.m in Sources */,
			);
			runOnlyForDeploymentPostprocessing = 0;
		};
/* End PBXSourcesBuildPhase section */

/* Begin PBXTargetDependency section */
		013B7B9F1B25F19D00176482 /* PBXTargetDependency */ = {
			isa = PBXTargetDependency;
			target = 013B7B891B25F19C00176482 /* PDOClient */;
			targetProxy = 013B7B9E1B25F19D00176482 /* PBXContainerItemProxy */;
		};
/* End PBXTargetDependency section */

/* Begin PBXVariantGroup section */
		013B7B961B25F19C00176482 /* MainMenu.xib */ = {
			isa = PBXVariantGroup;
			children = (
				013B7B971B25F19C00176482 /* Base */,
			);
			name = MainMenu.xib;
			sourceTree = "<group>";
		};
/* End PBXVariantGroup section */

/* Begin XCBuildConfiguration section */
		013B7BA51B25F19D00176482 /* Debug */ = {
			isa = XCBuildConfiguration;
			buildSettings = {
				ALWAYS_SEARCH_USER_PATHS = NO;
				CLANG_CXX_LANGUAGE_STANDARD = "gnu++0x";
				CLANG_CXX_LIBRARY = "libc++";
				CLANG_ENABLE_MODULES = YES;
				CLANG_ENABLE_OBJC_ARC = YES;
				CLANG_WARN_BOOL_CONVERSION = YES;
				CLANG_WARN_CONSTANT_CONVERSION = YES;
				CLANG_WARN_DIRECT_OBJC_ISA_USAGE = YES_ERROR;
				CLANG_WARN_EMPTY_BODY = YES;
				CLANG_WARN_ENUM_CONVERSION = YES;
				CLANG_WARN_INT_CONVERSION = YES;
				CLANG_WARN_OBJC_ROOT_CLASS = YES_ERROR;
				CLANG_WARN_UNREACHABLE_CODE = YES;
				CLANG_WARN__DUPLICATE_METHOD_MATCH = YES;
				CODE_SIGN_IDENTITY = "-";
				COPY_PHASE_STRIP = NO;
				DEBUG_INFORMATION_FORMAT = dwarf;
				ENABLE_STRICT_OBJC_MSGSEND = YES;
				GCC_C_LANGUAGE_STANDARD = gnu99;
				GCC_DYNAMIC_NO_PIC = NO;
				GCC_NO_COMMON_BLOCKS = YES;
				GCC_OPTIMIZATION_LEVEL = 0;
				GCC_PREPROCESSOR_DEFINITIONS = (
					"DEBUG=1",
					"$(inherited)",
				);
				GCC_SYMBOLS_PRIVATE_EXTERN = NO;
				GCC_WARN_64_TO_32_BIT_CONVERSION = YES;
				GCC_WARN_ABOUT_RETURN_TYPE = YES_ERROR;
				GCC_WARN_UNDECLARED_SELECTOR = YES;
				GCC_WARN_UNINITIALIZED_AUTOS = YES_AGGRESSIVE;
				GCC_WARN_UNUSED_FUNCTION = YES;
				GCC_WARN_UNUSED_VARIABLE = YES;
				MACOSX_DEPLOYMENT_TARGET = 10.10;
				MTL_ENABLE_DEBUG_INFO = YES;
				ONLY_ACTIVE_ARCH = YES;
				SDKROOT = macosx;
			};
			name = Debug;
		};
		013B7BA61B25F19D00176482 /* Release */ = {
			isa = XCBuildConfiguration;
			buildSettings = {
				ALWAYS_SEARCH_USER_PATHS = NO;
				CLANG_CXX_LANGUAGE_STANDARD = "gnu++0x";
				CLANG_CXX_LIBRARY = "libc++";
				CLANG_ENABLE_MODULES = YES;
				CLANG_ENABLE_OBJC_ARC = YES;
				CLANG_WARN_BOOL_CONVERSION = YES;
				CLANG_WARN_CONSTANT_CONVERSION = YES;
				CLANG_WARN_DIRECT_OBJC_ISA_USAGE = YES_ERROR;
				CLANG_WARN_EMPTY_BODY = YES;
				CLANG_WARN_ENUM_CONVERSION = YES;
				CLANG_WARN_INT_CONVERSION = YES;
				CLANG_WARN_OBJC_ROOT_CLASS = YES_ERROR;
				CLANG_WARN_UNREACHABLE_CODE = YES;
				CLANG_WARN__DUPLICATE_METHOD_MATCH = YES;
				CODE_SIGN_IDENTITY = "-";
				COPY_PHASE_STRIP = NO;
				DEBUG_INFORMATION_FORMAT = "dwarf-with-dsym";
				ENABLE_NS_ASSERTIONS = NO;
				ENABLE_STRICT_OBJC_MSGSEND = YES;
				GCC_C_LANGUAGE_STANDARD = gnu99;
				GCC_NO_COMMON_BLOCKS = YES;
				GCC_WARN_64_TO_32_BIT_CONVERSION = YES;
				GCC_WARN_ABOUT_RETURN_TYPE = YES_ERROR;
				GCC_WARN_UNDECLARED_SELECTOR = YES;
				GCC_WARN_UNINITIALIZED_AUTOS = YES_AGGRESSIVE;
				GCC_WARN_UNUSED_FUNCTION = YES;
				GCC_WARN_UNUSED_VARIABLE = YES;
				MACOSX_DEPLOYMENT_TARGET = 10.10;
				MTL_ENABLE_DEBUG_INFO = NO;
				SDKROOT = macosx;
			};
			name = Release;
		};
		013B7BA81B25F19D00176482 /* Debug */ = {
			isa = XCBuildConfiguration;
			buildSettings = {
				ASSETCATALOG_COMPILER_APPICON_NAME = AppIcon;
				COMBINE_HIDPI_IMAGES = YES;
				INFOPLIST_FILE = PDOClient/Info.plist;
				LD_RUNPATH_SEARCH_PATHS = "$(inherited) @executable_path/../Frameworks";
				PRODUCT_NAME = "$(TARGET_NAME)";
			};
			name = Debug;
		};
		013B7BA91B25F19D00176482 /* Release */ = {
			isa = XCBuildConfiguration;
			buildSettings = {
				ASSETCATALOG_COMPILER_APPICON_NAME = AppIcon;
				COMBINE_HIDPI_IMAGES = YES;
				INFOPLIST_FILE = PDOClient/Info.plist;
				LD_RUNPATH_SEARCH_PATHS = "$(inherited) @executable_path/../Frameworks";
				PRODUCT_NAME = "$(TARGET_NAME)";
			};
			name = Release;
		};
		013B7BAB1B25F19D00176482 /* Debug */ = {
			isa = XCBuildConfiguration;
			buildSettings = {
				BUNDLE_LOADER = "$(TEST_HOST)";
				COMBINE_HIDPI_IMAGES = YES;
				FRAMEWORK_SEARCH_PATHS = (
					"$(DEVELOPER_FRAMEWORKS_DIR)",
					"$(inherited)",
				);
				GCC_PREPROCESSOR_DEFINITIONS = (
					"DEBUG=1",
					"$(inherited)",
				);
				INFOPLIST_FILE = PDOClientTests/Info.plist;
				LD_RUNPATH_SEARCH_PATHS = "$(inherited) @executable_path/../Frameworks @loader_path/../Frameworks";
				PRODUCT_NAME = "$(TARGET_NAME)";
				TEST_HOST = "$(BUILT_PRODUCTS_DIR)/PDOClient.app/Contents/MacOS/PDOClient";
			};
			name = Debug;
		};
		013B7BAC1B25F19D00176482 /* Release */ = {
			isa = XCBuildConfiguration;
			buildSettings = {
				BUNDLE_LOADER = "$(TEST_HOST)";
				COMBINE_HIDPI_IMAGES = YES;
				FRAMEWORK_SEARCH_PATHS = (
					"$(DEVELOPER_FRAMEWORKS_DIR)",
					"$(inherited)",
				);
				INFOPLIST_FILE = PDOClientTests/Info.plist;
				LD_RUNPATH_SEARCH_PATHS = "$(inherited) @executable_path/../Frameworks @loader_path/../Frameworks";
				PRODUCT_NAME = "$(TARGET_NAME)";
				TEST_HOST = "$(BUILT_PRODUCTS_DIR)/PDOClient.app/Contents/MacOS/PDOClient";
			};
			name = Release;
		};
/* End XCBuildConfiguration section */

/* Begin XCConfigurationList section */
		013B7B851B25F19C00176482 /* Build configuration list for PBXProject "PDOClient" */ = {
			isa = XCConfigurationList;
			buildConfigurations = (
				013B7BA51B25F19D00176482 /* Debug */,
				013B7BA61B25F19D00176482 /* Release */,
			);
			defaultConfigurationIsVisible = 0;
			defaultConfigurationName = Release;
		};
		013B7BA71B25F19D00176482 /* Build configuration list for PBXNativeTarget "PDOClient" */ = {
			isa = XCConfigurationList;
			buildConfigurations = (
				013B7BA81B25F19D00176482 /* Debug */,
				013B7BA91B25F19D00176482 /* Release */,
			);
			defaultConfigurationIsVisible = 0;
		};
		013B7BAA1B25F19D00176482 /* Build configuration list for PBXNativeTarget "PDOClientTests" */ = {
			isa = XCConfigurationList;
			buildConfigurations = (
				013B7BAB1B25F19D00176482 /* Debug */,
				013B7BAC1B25F19D00176482 /* Release */,
			);
			defaultConfigurationIsVisible = 0;
		};
/* End XCConfigurationList section */
	};
	rootObject = 013B7B821B25F19C00176482 /* Project object */;
}
